
Microsoft Visual Studio Solution File, Format Version 12.00
# Visual Studio Version 17
VisualStudioVersion = 17.7.34009.444
MinimumVisualStudioVersion = 10.0.40219.1
Project("{9A19103F-16F7-4668-BE54-9A1E7A4F7556}") = "Recursion", "Recursion\Recursion.csproj", "{D43AF63E-91A4-4BBD-8E49-3F75CB20DF8A}"
EndProject
Project("{FAE04EC0-301F-11D3-BF4B-00C04F79EFBC}") = "SearchAlgorithms", "SearchAlgorithms\SearchAlgorithms.csproj", "{6D7D4078-4F0A-481F-B77E-69B37CE7BCA9}"
EndProject
Project("{FAE04EC0-301F-11D3-BF4B-00C04F79EFBC}") = "SortingAlgorithms", "SortingAlgorithms\SortingAlgorithms.csproj", "{01E568C7-4FE9-4D3B-845A-E6540EF5688D}"
EndProject
Project("{FAE04EC0-301F-11D3-BF4B-00C04F79EFBC}") = "LinkedList", "LinkedList\LinkedList.csproj", "{B6465A5A-CBE3-4A73-912F-CC759F427F04}"
EndProject
Global
	GlobalSection(SolutionConfigurationPlatforms) = preSolution
		Debug|Any CPU = Debug|Any CPU
		Release|Any CPU = Release|Any CPU
	EndGlobalSection
	GlobalSection(ProjectConfigurationPlatforms) = postSolution
		{D43AF63E-91A4-4BBD-8E49-3F75CB20DF8A}.Debug|Any CPU.ActiveCfg = Debug|Any CPU
		{D43AF63E-91A4-4BBD-8E49-3F75CB20DF8A}.Debug|Any CPU.Build.0 = Debug|Any CPU
		{D43AF63E-91A4-4BBD-8E49-3F75CB20DF8A}.Release|Any CPU.ActiveCfg = Release|Any CPU
		{D43AF63E-91A4-4BBD-8E49-3F75CB20DF8A}.Release|Any CPU.Build.0 = Release|Any CPU
		{6D7D4078-4F0A-481F-B77E-69B37CE7BCA9}.Debug|Any CPU.ActiveCfg = Debug|Any CPU
		{6D7D4078-4F0A-481F-B77E-69B37CE7BCA9}.Debug|Any CPU.Build.0 = Debug|Any CPU
		{6D7D4078-4F0A-481F-B77E-69B37CE7BCA9}.Release|Any CPU.ActiveCfg = Release|Any CPU
		{6D7D4078-4F0A-481F-B77E-69B37CE7BCA9}.Release|Any CPU.Build.0 = Release|Any CPU
		{01E568C7-4FE9-4D3B-845A-E6540EF5688D}.Debug|Any CPU.ActiveCfg = Debug|Any CPU
		{01E568C7-4FE9-4D3B-845A-E6540EF5688D}.Debug|Any CPU.Build.0 = Debug|Any CPU
		{01E568C7-4FE9-4D3B-845A-E6540EF5688D}.Release|Any CPU.ActiveCfg = Release|Any CPU
		{01E568C7-4FE9-4D3B-845A-E6540EF5688D}.Release|Any CPU.Build.0 = Release|Any CPU
		{B6465A5A-CBE3-4A73-912F-CC759F427F04}.Debug|Any CPU.ActiveCfg = Debug|Any CPU
		{B6465A5A-CBE3-4A73-912F-CC759F427F04}.Debug|Any CPU.Build.0 = Debug|Any CPU
		{B6465A5A-CBE3-4A73-912F-CC759F427F04}.Release|Any CPU.ActiveCfg = Release|Any CPU
		{B6465A5A-CBE3-4A73-912F-CC759F427F04}.Release|Any CPU.Build.0 = Release|Any CPU
	EndGlobalSection
	GlobalSection(SolutionProperties) = preSolution
		HideSolutionNode = FALSE
	EndGlobalSection
	GlobalSection(ExtensibilityGlobals) = postSolution
		SolutionGuid = {B573F831-F6A1-48DA-A2A5-5377069AFF5D}
	EndGlobalSection
EndGlobal
